
Microsoft Visual Studio Solution File, Format Version 12.00
# Visual Studio Version 16
VisualStudioVersion = 16.0.29920.165
MinimumVisualStudioVersion = 10.0.40219.1
Project("{FAE04EC0-301F-11D3-BF4B-00C04F79EFBC}") = "PriceCalculator", "PriceCalculator\PriceCalculator.csproj", "{8AC4A95D-777F-4627-8D6B-F2732BD7DA4C}"
EndProject
Project("{FAE04EC0-301F-11D3-BF4B-00C04F79EFBC}") = "PriceCalculator.Tests", "PriceCalculator.Tests\PriceCalculator.Tests.csproj", "{631C16C1-49A6-4E48-8CDD-4CDFFE3B7791}"
EndProject
Project("{E53339B2-1760-4266-BCC7-CA923CBCF16C}") = "docker-compose", "docker-compose.dcproj", "{0D62B6FF-9DB8-4179-8DD1-B9432EC77321}"
EndProject
Global
	GlobalSection(SolutionConfigurationPlatforms) = preSolution
		Debug|Any CPU = Debug|Any CPU
		Release|Any CPU = Release|Any CPU
	EndGlobalSection
	GlobalSection(ProjectConfigurationPlatforms) = postSolution
		{8AC4A95D-777F-4627-8D6B-F2732BD7DA4C}.Debug|Any CPU.ActiveCfg = Debug|Any CPU
		{8AC4A95D-777F-4627-8D6B-F2732BD7DA4C}.Debug|Any CPU.Build.0 = Debug|Any CPU
		{8AC4A95D-777F-4627-8D6B-F2732BD7DA4C}.Release|Any CPU.ActiveCfg = Release|Any CPU
		{8AC4A95D-777F-4627-8D6B-F2732BD7DA4C}.Release|Any CPU.Build.0 = Release|Any CPU
		{631C16C1-49A6-4E48-8CDD-4CDFFE3B7791}.Debug|Any CPU.ActiveCfg = Debug|Any CPU
		{631C16C1-49A6-4E48-8CDD-4CDFFE3B7791}.Debug|Any CPU.Build.0 = Debug|Any CPU
		{631C16C1-49A6-4E48-8CDD-4CDFFE3B7791}.Release|Any CPU.ActiveCfg = Release|Any CPU
		{631C16C1-49A6-4E48-8CDD-4CDFFE3B7791}.Release|Any CPU.Build.0 = Release|Any CPU
		{0D62B6FF-9DB8-4179-8DD1-B9432EC77321}.Debug|Any CPU.ActiveCfg = Debug|Any CPU
		{0D62B6FF-9DB8-4179-8DD1-B9432EC77321}.Debug|Any CPU.Build.0 = Debug|Any CPU
		{0D62B6FF-9DB8-4179-8DD1-B9432EC77321}.Release|Any CPU.ActiveCfg = Release|Any CPU
		{0D62B6FF-9DB8-4179-8DD1-B9432EC77321}.Release|Any CPU.Build.0 = Release|Any CPU
	EndGlobalSection
	GlobalSection(SolutionProperties) = preSolution
		HideSolutionNode = FALSE
	EndGlobalSection
	GlobalSection(ExtensibilityGlobals) = postSolution
		SolutionGuid = {7E7456A5-F337-4D2C-9CC1-147E20375012}
	EndGlobalSection
EndGlobal
